Microsoft Visual Studio Solution File, Format Version 12.00
# Visual Studio Version 17
VisualStudioVersion = 17.14.35906.104
MinimumVisualStudioVersion = 10.0.40219.1
Project("{FAE04EC0-301F-11D3-BF4B-00C04F79EFBC}") = "ClearFeatureActions.Tests", "..\ClearFeatureActions.Tests\ClearFeatureActions.Tests.csproj", "{A46AA937-A10C-48B0-AF49-976F24B08DC5}"
EndProject
Project("{FAE04EC0-301F-11D3-BF4B-00C04F79EFBC}") = "ClearFeatureActions", "ClearFeatureActions.csproj", "{73E50632-914B-9088-A43E-CCBFFFD69F32}"
EndProject
Global
	GlobalSection(SolutionConfigurationPlatforms) = preSolution
		Debug|Any CPU = Debug|Any CPU
		Release|Any CPU = Release|Any CPU
	EndGlobalSection
	GlobalSection(ProjectConfigurationPlatforms) = postSolution
		{A46AA937-A10C-48B0-AF49-976F24B08DC5}.Debug|Any CPU.ActiveCfg = Debug|Any CPU
		{A46AA937-A10C-48B0-AF49-976F24B08DC5}.Debug|Any CPU.Build.0 = Debug|Any CPU
		{A46AA937-A10C-48B0-AF49-976F24B08DC5}.Release|Any CPU.ActiveCfg = Release|Any CPU
		{A46AA937-A10C-48B0-AF49-976F24B08DC5}.Release|Any CPU.Build.0 = Release|Any CPU
		{73E50632-914B-9088-A43E-CCBFFFD69F32}.Debug|Any CPU.ActiveCfg = Debug|Any CPU
		{73E50632-914B-9088-A43E-CCBFFFD69F32}.Debug|Any CPU.Build.0 = Debug|Any CPU
		{73E50632-914B-9088-A43E-CCBFFFD69F32}.Release|Any CPU.ActiveCfg = Release|Any CPU
		{73E50632-914B-9088-A43E-CCBFFFD69F32}.Release|Any CPU.Build.0 = Release|Any CPU
	EndGlobalSection
	GlobalSection(SolutionProperties) = preSolution
		HideSolutionNode = FALSE
	EndGlobalSection
	GlobalSection(ExtensibilityGlobals) = postSolution
		SolutionGuid = {6B7EE459-E6D2-4DB6-A503-ADD4BB15E44E}
	EndGlobalSection
EndGlobal
